{
    "_readme": [
        "This file locks the dependencies of your project to a known state",
        "Read more about it at https://getcomposer.org/doc/01-basic-usage.md#composer-lock-the-lock-file",
        "This file is @generated automatically"
    ],
    "hash": "efc9b014bbcdd6c4f11834b5236748d0",
    "content-hash": "71a21bf4ff1bdfd9db6f92ff6ce208db",
    "packages": [
        {
            "name": "thiagoalessio/tesseract_ocr",
            "version": "1.1.0",
            "source": {
                "type": "git",
                "url": "https://github.com/thiagoalessio/tesseract-ocr-for-php.git",
                "reference": "2bd8c58cce73d8c6e4914a9a0f44882da872cb47"
            },
            "dist": {
                "type": "zip",
                "url": "https://api.github.com/repos/thiagoalessio/tesseract-ocr-for-php/zipball/2bd8c58cce73d8c6e4914a9a0f44882da872cb47",
                "reference": "2bd8c58cce73d8c6e4914a9a0f44882da872cb47",
                "shasum": ""
            },
            "require-dev": {
                "codeclimate/php-test-reporter": "dev-master",
                "phpunit/phpunit": "5.3.2"
            },
            "type": "library",
            "autoload": {
                "classmap": [
                    "src"
                ]
            },
            "notification-url": "https://packagist.org/downloads/",
            "license": [
                "Apache-2.0"
            ],
            "authors": [
                {
                    "name": "Thiago Alessio Pereira",
                    "email": "thiagoalessio@me.com",
                    "homepage": "http://thiagoalessio.me"
                }
            ],
            "description": "A wrapper to work with Tesseract OCR inside PHP.",
            "keywords": [
                "OCR",
                "Tesseract",
                "text recognition"
            ],
            "time": "2017-06-03 11:09:19"
        }
    ],
    "packages-dev": [],
    "aliases": [],
    "minimum-stability": "stable",
    "stability-flags": [],
    "prefer-stable": false,
    "prefer-lowest": false,
    "platform": [],
    "platform-dev": []
}
